# This file is automatically @generated by Cargo.
# It is not intended for manual editing.
version = 4

[[package]]
name = "flight-academy-api"
version = "0.1.0"

[[package]]
name = "flight-academy-auth"
version = "0.1.0"

[[package]]
name = "flight-academy-aviation"
version = "0.1.0"

[[package]]
name = "flight-academy-core"
version = "0.1.0"

[[package]]
name = "flight-academy-db"
version = "0.1.0"

[[package]]
name = "flight-academy-integrations"
version = "0.1.0"

[[package]]
name = "flight-academy-store"
version = "0.1.0"
